
Microsoft Visual Studio Solution File, Format Version 12.00
# Visual Studio Version 16
VisualStudioVersion = 16.0.30611.23
MinimumVisualStudioVersion = 10.0.40219.1
Project("{FAE04EC0-301F-11D3-BF4B-00C04F79EFBC}") = "Hex4DotNet", "Hex4DotNet\Hex4DotNet.csproj", "{07AC1E42-D019-4785-9235-2FF32517A076}"
EndProject
Project("{9A19103F-16F7-4668-BE54-9A1E7A4F7556}") = "Hex4Terminal", "ForNewerDotNet\Hex4Terminal.csproj", "{BD1EB1F1-DA4B-4FF9-A398-9B719E2C979B}"
EndProject
Global
	GlobalSection(SolutionConfigurationPlatforms) = preSolution
		Debug|Any CPU = Debug|Any CPU
		Release|Any CPU = Release|Any CPU
	EndGlobalSection
	GlobalSection(ProjectConfigurationPlatforms) = postSolution
		{07AC1E42-D019-4785-9235-2FF32517A076}.Debug|Any CPU.ActiveCfg = Debug|Any CPU
		{07AC1E42-D019-4785-9235-2FF32517A076}.Debug|Any CPU.Build.0 = Debug|Any CPU
		{07AC1E42-D019-4785-9235-2FF32517A076}.Release|Any CPU.ActiveCfg = Release|Any CPU
		{07AC1E42-D019-4785-9235-2FF32517A076}.Release|Any CPU.Build.0 = Release|Any CPU
		{BD1EB1F1-DA4B-4FF9-A398-9B719E2C979B}.Debug|Any CPU.ActiveCfg = Debug|Any CPU
		{BD1EB1F1-DA4B-4FF9-A398-9B719E2C979B}.Debug|Any CPU.Build.0 = Debug|Any CPU
		{BD1EB1F1-DA4B-4FF9-A398-9B719E2C979B}.Release|Any CPU.ActiveCfg = Release|Any CPU
		{BD1EB1F1-DA4B-4FF9-A398-9B719E2C979B}.Release|Any CPU.Build.0 = Release|Any CPU
	EndGlobalSection
	GlobalSection(SolutionProperties) = preSolution
		HideSolutionNode = FALSE
	EndGlobalSection
	GlobalSection(ExtensibilityGlobals) = postSolution
		SolutionGuid = {8D826272-F866-49A9-89EE-C58FB732C0DC}
	EndGlobalSection
EndGlobal
